<?xml version="1.0" encoding="utf-8"?>
<Project ToolsVersion="14.0" xmlns="http://schemas.microsoft.com/developer/msbuild/2003">
  <ItemGroup>
    <ClCompile Include="GestureEngine.cpp" />
    <ClCompile Include="Descriptor.cpp">
      <Filter>Source</Filter>
    </ClCompile>
    <ClCompile Include="ImageFilter.cpp">
      <Filter>Source</Filter>
    </ClCompile>
    <ClCompile Include="main.cpp">
      <Filter>Source</Filter>
    </ClCompile>
    <ClCompile Include="PatternBase.cpp">
      <Filter>Source</Filter>
    </ClCompile>
  </ItemGroup>
  <ItemGroup>
    <Filter Include="Headers">
      <UniqueIdentifier>{8ea32095-f374-4b9d-916d-2cc6ae4a70e8}</UniqueIdentifier>
    </Filter>
    <Filter Include="Source">
      <UniqueIdentifier>{A7352001-845B-32EB-9A6C-8AD31668C046}</UniqueIdentifier>
    </Filter>
  </ItemGroup>
  <ItemGroup>
    <ClInclude Include="Descriptor.h">
      <Filter>Headers</Filter>
    </ClInclude>
    <ClInclude Include="ImageFilter.h">
      <Filter>Headers</Filter>
    </ClInclude>
    <ClInclude Include="PatternBase.h">
      <Filter>Headers</Filter>
    </ClInclude>
    <ClInclude Include="GestureEngine.h" />
  </ItemGroup>
</Project>